
Microsoft Visual Studio Solution File, Format Version 12.00
# Visual Studio Version 17
VisualStudioVersion = 17.3.32929.385
MinimumVisualStudioVersion = 10.0.40219.1
Project("{FAE04EC0-301F-11D3-BF4B-00C04F79EFBC}") = "Labb3db", "Labb3db.csproj", "{1FC91239-7DB0-4D3C-86F5-A17600520EE9}"
EndProject
Global
	GlobalSection(SolutionConfigurationPlatforms) = preSolution
		Debug|Any CPU = Debug|Any CPU
		Release|Any CPU = Release|Any CPU
	EndGlobalSection
	GlobalSection(ProjectConfigurationPlatforms) = postSolution
		{1FC91239-7DB0-4D3C-86F5-A17600520EE9}.Debug|Any CPU.ActiveCfg = Debug|Any CPU
		{1FC91239-7DB0-4D3C-86F5-A17600520EE9}.Debug|Any CPU.Build.0 = Debug|Any CPU
		{1FC91239-7DB0-4D3C-86F5-A17600520EE9}.Release|Any CPU.ActiveCfg = Release|Any CPU
		{1FC91239-7DB0-4D3C-86F5-A17600520EE9}.Release|Any CPU.Build.0 = Release|Any CPU
	EndGlobalSection
	GlobalSection(SolutionProperties) = preSolution
		HideSolutionNode = FALSE
	EndGlobalSection
	GlobalSection(ExtensibilityGlobals) = postSolution
		SolutionGuid = {E22655D2-4784-45B4-9469-6901291F4279}
	EndGlobalSection
EndGlobal
